
Microsoft Visual Studio Solution File, Format Version 12.00
# Visual Studio 15
VisualStudioVersion = 15.0.26124.0
MinimumVisualStudioVersion = 15.0.26124.0
Project("{FAE04EC0-301F-11D3-BF4B-00C04F79EFBC}") = "DataTypes", "DataTypes\DataTypes.csproj", "{CBBB7DCB-60A7-402B-985A-FE6FE0BB20B4}"
EndProject
Project("{FAE04EC0-301F-11D3-BF4B-00C04F79EFBC}") = "ClassroomExamples", "ClassroomExamples\ClassroomExamples.csproj", "{D36E80BA-9A3C-4B75-A4A3-9F05A6E5BA84}"
EndProject
Global
	GlobalSection(SolutionConfigurationPlatforms) = preSolution
		Debug|Any CPU = Debug|Any CPU
		Debug|x64 = Debug|x64
		Debug|x86 = Debug|x86
		Release|Any CPU = Release|Any CPU
		Release|x64 = Release|x64
		Release|x86 = Release|x86
	EndGlobalSection
	GlobalSection(SolutionProperties) = preSolution
		HideSolutionNode = FALSE
	EndGlobalSection
	GlobalSection(ProjectConfigurationPlatforms) = postSolution
		{CBBB7DCB-60A7-402B-985A-FE6FE0BB20B4}.Debug|Any CPU.ActiveCfg = Debug|Any CPU
		{CBBB7DCB-60A7-402B-985A-FE6FE0BB20B4}.Debug|Any CPU.Build.0 = Debug|Any CPU
		{CBBB7DCB-60A7-402B-985A-FE6FE0BB20B4}.Debug|x64.ActiveCfg = Debug|Any CPU
		{CBBB7DCB-60A7-402B-985A-FE6FE0BB20B4}.Debug|x64.Build.0 = Debug|Any CPU
		{CBBB7DCB-60A7-402B-985A-FE6FE0BB20B4}.Debug|x86.ActiveCfg = Debug|Any CPU
		{CBBB7DCB-60A7-402B-985A-FE6FE0BB20B4}.Debug|x86.Build.0 = Debug|Any CPU
		{CBBB7DCB-60A7-402B-985A-FE6FE0BB20B4}.Release|Any CPU.ActiveCfg = Release|Any CPU
		{CBBB7DCB-60A7-402B-985A-FE6FE0BB20B4}.Release|Any CPU.Build.0 = Release|Any CPU
		{CBBB7DCB-60A7-402B-985A-FE6FE0BB20B4}.Release|x64.ActiveCfg = Release|Any CPU
		{CBBB7DCB-60A7-402B-985A-FE6FE0BB20B4}.Release|x64.Build.0 = Release|Any CPU
		{CBBB7DCB-60A7-402B-985A-FE6FE0BB20B4}.Release|x86.ActiveCfg = Release|Any CPU
		{CBBB7DCB-60A7-402B-985A-FE6FE0BB20B4}.Release|x86.Build.0 = Release|Any CPU
		{D36E80BA-9A3C-4B75-A4A3-9F05A6E5BA84}.Debug|Any CPU.ActiveCfg = Debug|Any CPU
		{D36E80BA-9A3C-4B75-A4A3-9F05A6E5BA84}.Debug|Any CPU.Build.0 = Debug|Any CPU
		{D36E80BA-9A3C-4B75-A4A3-9F05A6E5BA84}.Debug|x64.ActiveCfg = Debug|Any CPU
		{D36E80BA-9A3C-4B75-A4A3-9F05A6E5BA84}.Debug|x64.Build.0 = Debug|Any CPU
		{D36E80BA-9A3C-4B75-A4A3-9F05A6E5BA84}.Debug|x86.ActiveCfg = Debug|Any CPU
		{D36E80BA-9A3C-4B75-A4A3-9F05A6E5BA84}.Debug|x86.Build.0 = Debug|Any CPU
		{D36E80BA-9A3C-4B75-A4A3-9F05A6E5BA84}.Release|Any CPU.ActiveCfg = Release|Any CPU
		{D36E80BA-9A3C-4B75-A4A3-9F05A6E5BA84}.Release|Any CPU.Build.0 = Release|Any CPU
		{D36E80BA-9A3C-4B75-A4A3-9F05A6E5BA84}.Release|x64.ActiveCfg = Release|Any CPU
		{D36E80BA-9A3C-4B75-A4A3-9F05A6E5BA84}.Release|x64.Build.0 = Release|Any CPU
		{D36E80BA-9A3C-4B75-A4A3-9F05A6E5BA84}.Release|x86.ActiveCfg = Release|Any CPU
		{D36E80BA-9A3C-4B75-A4A3-9F05A6E5BA84}.Release|x86.Build.0 = Release|Any CPU
	EndGlobalSection
EndGlobal
